# THIS IS AN AUTOGENERATED FILE. DO NOT EDIT THIS FILE DIRECTLY.
# yarn lockfile v1


"@types/bpmn-moddle@^5.1.6":
  version "5.1.6"
  resolved "https://registry.yarnpkg.com/@types/bpmn-moddle/-/bpmn-moddle-5.1.6.tgz#7990d35f558d9aa14e39024923687173e6ea56b3"
  integrity sha512-bPM7kJlIhhMA0IQbZxfSSYoJ4Wm+1VHnNVvQ4k+ZZqwrJXRIW4fruP/wx0QbWJ3JbGNwDEWrLc8C//d0bQxWcg==

asynckit@^0.4.0:
  version "0.4.0"
  resolved "https://registry.yarnpkg.com/asynckit/-/asynckit-0.4.0.tgz#c79ed97f7f34cb8f2ba1bc9790bcc366474b4b79"
  integrity sha512-Oei9OH4tRh0YqU3GxhX79dM/mwVgvbZJaSNaRk+bshkj0S5cfHcgYakreBjrHwatXKbz+IoIdYLxrKim2MjW0Q==

axios@^1.2.0:
  version "1.2.0"
  resolved "https://registry.yarnpkg.com/axios/-/axios-1.2.0.tgz#1cb65bd75162c70e9f8d118a905126c4a201d383"
  integrity sha512-zT7wZyNYu3N5Bu0wuZ6QccIf93Qk1eV8LOewxgjOZFd2DenOs98cJ7+Y6703d0wkaXGY6/nZd4EweJaHz9uzQw==
  dependencies:
    follow-redirects "^1.15.0"
    form-data "^4.0.0"
    proxy-from-env "^1.1.0"

bpmn-elements@^8.2.2:
  version "8.2.2"
  resolved "https://registry.yarnpkg.com/bpmn-elements/-/bpmn-elements-8.2.2.tgz#42c93a24ba33e688aaba11d726eb7078fce4f53c"
  integrity sha512-69SpL2MaSqv2380dRaxdUr07pMMcYrFW4n1mUq5fpwm2IMcuv4FivFFV2CcaWZQplODTikoBidakEhcvyOKf4w==
  dependencies:
    iso8601-duration "^2.1.1"
    smqp "^6.0.0"

"bpmn-engine@git+ssh://git@github.com:paed01/bpmn-engine.git":
  version "15.1.2"
  resolved "git+ssh://git@github.com:paed01/bpmn-engine.git#bf45d8a4e5c68e7cbb26739b4cc08c0d5ad449a4"
  dependencies:
    "@types/bpmn-moddle" "^5.1.6"
    bpmn-elements "^8.2.2"
    bpmn-moddle "^7.1.3"
    debug "^4.3.4"
    moddle-context-serializer "^2.0.0"
    smqp "^6.1.0"

bpmn-moddle@^7.1.3:
  version "7.1.3"
  resolved "https://registry.yarnpkg.com/bpmn-moddle/-/bpmn-moddle-7.1.3.tgz#5b4592001e8f23dbdb18c557531e06489462bf42"
  integrity sha512-ZcBfw0NSOdYTSXFKEn7MOXHItz7VfLZTrFYKO8cK6V8ZzGjCcdiLIOiw7Lctw1PJsihhLiZQS8Htj2xKf+NwCg==
  dependencies:
    min-dash "^3.5.2"
    moddle "^5.0.2"
    moddle-xml "^9.0.6"

camunda-bpmn-moddle@^7.0.1:
  version "7.0.1"
  resolved "https://registry.yarnpkg.com/camunda-bpmn-moddle/-/camunda-bpmn-moddle-7.0.1.tgz#07a2ae8278996e0704fd1277c97548218f64c1bd"
  integrity sha512-Br8Diu6roMpziHdpl66Dhnm0DTnCFMrSD9zwLV08LpD52QA0UsXxU87XfHf08HjuB7ly0Hd1bvajZRpf9hbmYQ==

combined-stream@^1.0.8:
  version "1.0.8"
  resolved "https://registry.yarnpkg.com/combined-stream/-/combined-stream-1.0.8.tgz#c3d45a8b34fd730631a110a8a2520682b31d5a7f"
  integrity sha512-FQN4MRfuJeHf7cBbBMJFXhKSDq+2kAArBlmRBvcvFE5BB1HZKXtSFASDhdlz9zOYwxh8lDdnvmMOe/+5cdoEdg==
  dependencies:
    delayed-stream "~1.0.0"

debug@^4.3.4:
  version "4.3.4"
  resolved "https://registry.yarnpkg.com/debug/-/debug-4.3.4.tgz#1319f6579357f2338d3337d2cdd4914bb5dcc865"
  integrity sha512-PRWFHuSU3eDtQJPvnNY7Jcket1j0t5OuOsFzPPzsekD52Zl8qUfFIPEiswXqIvHWGVHOgX+7G/vCNNhehwxfkQ==
  dependencies:
    ms "2.1.2"

delayed-stream@~1.0.0:
  version "1.0.0"
  resolved "https://registry.yarnpkg.com/delayed-stream/-/delayed-stream-1.0.0.tgz#df3ae199acadfb7d440aaae0b29e2272b24ec619"
  integrity sha512-ZySD7Nf91aLB0RxL4KGrKHBXl7Eds1DAmEdcoVawXnLD7SDhpNgtuII2aAkg7a7QS41jxPSZ17p4VdGnMHk3MQ==

follow-redirects@^1.15.0:
  version "1.15.2"
  resolved "https://registry.yarnpkg.com/follow-redirects/-/follow-redirects-1.15.2.tgz#b460864144ba63f2681096f274c4e57026da2c13"
  integrity sha512-VQLG33o04KaQ8uYi2tVNbdrWp1QWxNNea+nmIB4EVM28v0hmP17z7aG1+wAkNzVq4KeXTq3221ye5qTJP91JwA==

form-data@^4.0.0:
  version "4.0.0"
  resolved "https://registry.yarnpkg.com/form-data/-/form-data-4.0.0.tgz#93919daeaf361ee529584b9b31664dc12c9fa452"
  integrity sha512-ETEklSGi5t0QMZuiXoA/Q6vcnxcLQP5vdugSpuAyi6SVGi2clPPp+xgEhuMaHC+zGgn31Kd235W35f7Hykkaww==
  dependencies:
    asynckit "^0.4.0"
    combined-stream "^1.0.8"
    mime-types "^2.1.12"

iso8601-duration@^2.1.1:
  version "2.1.1"
  resolved "https://registry.yarnpkg.com/iso8601-duration/-/iso8601-duration-2.1.1.tgz#88d9e481525b50e57840bc93fb8a1727a7d849d2"
  integrity sha512-VGGpW30/R57FpG1J7RqqKBAaK7lIiudlZkQ5tRoO9hNlKYQNnhs60DQpXlPFBmp6I+kJ61PHkI3f/T7cR4wfbw==

mime-db@1.52.0:
  version "1.52.0"
  resolved "https://registry.yarnpkg.com/mime-db/-/mime-db-1.52.0.tgz#bbabcdc02859f4987301c856e3387ce5ec43bf70"
  integrity sha512-sPU4uV7dYlvtWJxwwxHD0PuihVNiE7TyAbQ5SWxDCB9mUYvOgroQOwYQQOKPJ8CIbE+1ETVlOoK1UC2nU3gYvg==

mime-types@^2.1.12:
  version "2.1.35"
  resolved "https://registry.yarnpkg.com/mime-types/-/mime-types-2.1.35.tgz#381a871b62a734450660ae3deee44813f70d959a"
  integrity sha512-ZDY+bPm5zTTF+YpCrAU9nK0UgICYPT0QtT1NZWFv4s++TNkcgVaT0g6+4R2uI4MjQjzysHB1zxuWL50hzaeXiw==
  dependencies:
    mime-db "1.52.0"

min-dash@^3.0.0, min-dash@^3.5.2:
  version "3.8.1"
  resolved "https://registry.yarnpkg.com/min-dash/-/min-dash-3.8.1.tgz#09a8bd8a041d65eec4732042cde9cb24a6e84b0d"
  integrity sha512-evumdlmIlg9mbRVPbC4F5FuRhNmcMS5pvuBUbqb1G9v09Ro0ImPEgz5n3khir83lFok1inKqVDjnKEg3GpDxQg==

moddle-context-serializer@^2.0.0:
  version "2.1.0"
  resolved "https://registry.yarnpkg.com/moddle-context-serializer/-/moddle-context-serializer-2.1.0.tgz#f34bb4234a325c5c8aac5c047354e1e660271d45"
  integrity sha512-3inMysDiZRph8BGJ2SmHDkOFuSLj1Y+tpyisNFV3NUrmaHJWi0JogGo7iCf5+NPq3rl5dxLdMPCQrZNYffaM8Q==

moddle-xml@^9.0.6:
  version "9.0.6"
  resolved "https://registry.yarnpkg.com/moddle-xml/-/moddle-xml-9.0.6.tgz#282b2a2232065a82556ba3fbbe3010b374f95cbf"
  integrity sha512-tl0reHpsY/aKlLGhXeFlQWlYAQHFxTkFqC8tq8jXRYpQSnLVw13T6swMaourLd7EXqHdWsc+5ggsB+fEep6xZQ==
  dependencies:
    min-dash "^3.5.2"
    moddle "^5.0.2"
    saxen "^8.1.2"

moddle@^5.0.2:
  version "5.0.4"
  resolved "https://registry.yarnpkg.com/moddle/-/moddle-5.0.4.tgz#1108c9ff210df552ef4589513e620d171e4468e6"
  integrity sha512-Kjb+hjuzO+YlojNGxEUXvdhLYTHTtAABDlDcJTtTcn5MbJF9Zkv4I1Fyvp3Ypmfgg1EfHDZ3PsCQTuML9JD6wg==
  dependencies:
    min-dash "^3.0.0"

ms@2.1.2:
  version "2.1.2"
  resolved "https://registry.yarnpkg.com/ms/-/ms-2.1.2.tgz#d09d1f357b443f493382a8eb3ccd183872ae6009"
  integrity sha512-sGkPx+VjMtmA6MX27oA4FBFELFCZZ4S4XqeGOXCv68tT+jb3vk/RyaKWP0PTKyWtmLSM0b+adUTEvbs1PEaH2w==

proxy-from-env@^1.1.0:
  version "1.1.0"
  resolved "https://registry.yarnpkg.com/proxy-from-env/-/proxy-from-env-1.1.0.tgz#e102f16ca355424865755d2c9e8ea4f24d58c3e2"
  integrity sha512-D+zkORCbA9f1tdWRK0RaCR3GPv50cMxcrz4X8k5LTSUD1Dkw47mKJEZQNunItRTkWwgtaUSo1RVFRIG9ZXiFYg==

saxen@^8.1.2:
  version "8.1.2"
  resolved "https://registry.yarnpkg.com/saxen/-/saxen-8.1.2.tgz#e677b32afe93667c9d939d3f3de02e09df108e54"
  integrity sha512-xUOiiFbc3Ow7p8KMxwsGICPx46ZQvy3+qfNVhrkwfz3Vvq45eGt98Ft5IQaA1R/7Tb5B5MKh9fUR9x3c3nDTxw==

smqp@^6.0.0, smqp@^6.1.0:
  version "6.1.0"
  resolved "https://registry.yarnpkg.com/smqp/-/smqp-6.1.0.tgz#897000a6b34707389987a940cb14434c76ef6853"
  integrity sha512-ZRZ9YnYNIM9Cc8sWju4kkDcG3zzHqgu1sW3MtcUz466kcz1FSczV+FLyoKATzgYwcTdj8lBQD1pq+JOeFMcVVA==
